
Microsoft Visual Studio Solution File, Format Version 12.00
# Visual Studio 15
VisualStudioVersion = 15.0.26730.16
MinimumVisualStudioVersion = 10.0.40219.1
Project("{8BC9CEB8-8B4A-11D0-8D11-00A0C91BC942}") = "Project3", "Project3\Project3.vcxproj", "{77A9D761-0242-42D9-9568-45CA5E0C8E28}"
EndProject
Global
	GlobalSection(SolutionConfigurationPlatforms) = preSolution
		Debug|x64 = Debug|x64
		Debug|x86 = Debug|x86
		Release|x64 = Release|x64
		Release|x86 = Release|x86
	EndGlobalSection
	GlobalSection(ProjectConfigurationPlatforms) = postSolution
		{77A9D761-0242-42D9-9568-45CA5E0C8E28}.Debug|x64.ActiveCfg = Debug|x64
		{77A9D761-0242-42D9-9568-45CA5E0C8E28}.Debug|x64.Build.0 = Debug|x64
		{77A9D761-0242-42D9-9568-45CA5E0C8E28}.Debug|x86.ActiveCfg = Debug|Win32
		{77A9D761-0242-42D9-9568-45CA5E0C8E28}.Debug|x86.Build.0 = Debug|Win32
		{77A9D761-0242-42D9-9568-45CA5E0C8E28}.Release|x64.ActiveCfg = Release|x64
		{77A9D761-0242-42D9-9568-45CA5E0C8E28}.Release|x64.Build.0 = Release|x64
		{77A9D761-0242-42D9-9568-45CA5E0C8E28}.Release|x86.ActiveCfg = Release|Win32
		{77A9D761-0242-42D9-9568-45CA5E0C8E28}.Release|x86.Build.0 = Release|Win32
	EndGlobalSection
	GlobalSection(SolutionProperties) = preSolution
		HideSolutionNode = FALSE
	EndGlobalSection
	GlobalSection(ExtensibilityGlobals) = postSolution
		SolutionGuid = {998B1E69-7AE4-4DB0-A544-DB98E71DCD5F}
	EndGlobalSection
EndGlobal
